
Microsoft Visual Studio Solution File, Format Version 12.00
# Visual Studio Version 17
VisualStudioVersion = 17.7.33711.374
MinimumVisualStudioVersion = 10.0.40219.1
Project("{9A19103F-16F7-4668-BE54-9A1E7A4F7556}") = "BlazorSignalR", "BlazorSignalR\BlazorSignalR.csproj", "{EC6CCF71-DBC2-4C00-80FF-6D6C8C1A42E3}"
EndProject
Global
	GlobalSection(SolutionConfigurationPlatforms) = preSolution
		Debug|Any CPU = Debug|Any CPU
		Release|Any CPU = Release|Any CPU
	EndGlobalSection
	GlobalSection(ProjectConfigurationPlatforms) = postSolution
		{EC6CCF71-DBC2-4C00-80FF-6D6C8C1A42E3}.Debug|Any CPU.ActiveCfg = Debug|Any CPU
		{EC6CCF71-DBC2-4C00-80FF-6D6C8C1A42E3}.Debug|Any CPU.Build.0 = Debug|Any CPU
		{EC6CCF71-DBC2-4C00-80FF-6D6C8C1A42E3}.Release|Any CPU.ActiveCfg = Release|Any CPU
		{EC6CCF71-DBC2-4C00-80FF-6D6C8C1A42E3}.Release|Any CPU.Build.0 = Release|Any CPU
	EndGlobalSection
	GlobalSection(SolutionProperties) = preSolution
		HideSolutionNode = FALSE
	EndGlobalSection
	GlobalSection(ExtensibilityGlobals) = postSolution
		SolutionGuid = {16E8B1E2-86B9-436D-8C17-8EB17BD8A1A8}
	EndGlobalSection
EndGlobal
